
Microsoft Visual Studio Solution File, Format Version 12.00
# Visual Studio Version 17
VisualStudioVersion = 17.3.32929.385
MinimumVisualStudioVersion = 10.0.40219.1
Project("{9A19103F-16F7-4668-BE54-9A1E7A4F7556}") = "api_fit", "api_fit.csproj", "{579DE21C-19CA-4607-BFC6-9766F6B9E638}"
EndProject
Project("{2150E333-8FDC-42A3-9474-1A3956D46DE8}") = "Solution Items", "Solution Items", "{CA6EFA4E-1E20-4A73-805E-D419D31375E3}"
	ProjectSection(SolutionItems) = preProject
		.editorconfig = .editorconfig
	EndProjectSection
EndProject
Global
	GlobalSection(SolutionConfigurationPlatforms) = preSolution
		Debug|Any CPU = Debug|Any CPU
		Release|Any CPU = Release|Any CPU
	EndGlobalSection
	GlobalSection(ProjectConfigurationPlatforms) = postSolution
		{579DE21C-19CA-4607-BFC6-9766F6B9E638}.Debug|Any CPU.ActiveCfg = Debug|Any CPU
		{579DE21C-19CA-4607-BFC6-9766F6B9E638}.Debug|Any CPU.Build.0 = Debug|Any CPU
		{579DE21C-19CA-4607-BFC6-9766F6B9E638}.Release|Any CPU.ActiveCfg = Release|Any CPU
		{579DE21C-19CA-4607-BFC6-9766F6B9E638}.Release|Any CPU.Build.0 = Release|Any CPU
	EndGlobalSection
	GlobalSection(SolutionProperties) = preSolution
		HideSolutionNode = FALSE
	EndGlobalSection
	GlobalSection(ExtensibilityGlobals) = postSolution
		SolutionGuid = {62C7A041-8F79-4E25-8C3E-EAF051C40EC6}
	EndGlobalSection
EndGlobal
